
Microsoft Visual Studio Solution File, Format Version 12.00
# Visual Studio 2012
Project("{FAE04EC0-301F-11D3-BF4B-00C04F79EFBC}") = "OpenStack.Swift.Unit.Tests", "tests\OpenStack.Swift.Unit.Tests\OpenStack.Swift.Unit.Tests.csproj", "{2DA4B272-55B0-4D72-89EB-C80327A2E003}"
EndProject
Project("{FAE04EC0-301F-11D3-BF4B-00C04F79EFBC}") = "OpenStack.Swift", "src\OpenStack.Swift\OpenStack.Swift.csproj", "{FB1A48EB-3384-4092-BE4C-6641AEFCBB26}"
EndProject
Project("{FAE04EC0-301F-11D3-BF4B-00C04F79EFBC}") = "OpenStack.Swift.Functional.Tests", "tests\OpenStack.Swift.Functional.Tests\OpenStack.Swift.Functional.Tests.csproj", "{42BB3EBC-5619-42E2-A61E-9330844D69E1}"
EndProject
Project("{2150E333-8FDC-42A3-9474-1A3956D46DE8}") = "Solution Items", "Solution Items", "{01E70F4A-74B1-4665-9331-F5E2BF9F5503}"
	ProjectSection(SolutionItems) = preProject
		csharp-swift.nuspec = csharp-swift.nuspec
	EndProjectSection
EndProject
Project("{2150E333-8FDC-42A3-9474-1A3956D46DE8}") = ".nuget", ".nuget", "{C51935B8-BD1E-4F36-925A-C70CE9F5FA70}"
	ProjectSection(SolutionItems) = preProject
		.nuget\packages.config = .nuget\packages.config
	EndProjectSection
EndProject
Global
	GlobalSection(SolutionConfigurationPlatforms) = preSolution
		Debug|x86 = Debug|x86
		Release|x86 = Release|x86
	EndGlobalSection
	GlobalSection(ProjectConfigurationPlatforms) = postSolution
		{2DA4B272-55B0-4D72-89EB-C80327A2E003}.Debug|x86.ActiveCfg = Debug|Any CPU
		{2DA4B272-55B0-4D72-89EB-C80327A2E003}.Debug|x86.Build.0 = Debug|Any CPU
		{2DA4B272-55B0-4D72-89EB-C80327A2E003}.Release|x86.ActiveCfg = Release|Any CPU
		{2DA4B272-55B0-4D72-89EB-C80327A2E003}.Release|x86.Build.0 = Release|Any CPU
		{FB1A48EB-3384-4092-BE4C-6641AEFCBB26}.Debug|x86.ActiveCfg = Debug|Any CPU
		{FB1A48EB-3384-4092-BE4C-6641AEFCBB26}.Debug|x86.Build.0 = Debug|Any CPU
		{FB1A48EB-3384-4092-BE4C-6641AEFCBB26}.Release|x86.ActiveCfg = Release|Any CPU
		{FB1A48EB-3384-4092-BE4C-6641AEFCBB26}.Release|x86.Build.0 = Release|Any CPU
		{42BB3EBC-5619-42E2-A61E-9330844D69E1}.Debug|x86.ActiveCfg = Debug|Any CPU
		{42BB3EBC-5619-42E2-A61E-9330844D69E1}.Debug|x86.Build.0 = Debug|Any CPU
		{42BB3EBC-5619-42E2-A61E-9330844D69E1}.Release|x86.ActiveCfg = Release|Any CPU
		{42BB3EBC-5619-42E2-A61E-9330844D69E1}.Release|x86.Build.0 = Release|Any CPU
	EndGlobalSection
	GlobalSection(SolutionProperties) = preSolution
		HideSolutionNode = FALSE
	EndGlobalSection
	GlobalSection(MonoDevelopProperties) = preSolution
		StartupItem = tests\OpenStack.Swift.Unit.Tests\OpenStack.Swift.Unit.Tests.csproj
		version = 1.0
	EndGlobalSection
EndGlobal
